{
  "name": "testico",
<<<<<<< HEAD
  "version": "1.11.1",
=======
<<<<<<< HEAD
  "version": "1.8.1",
=======
  "version": "1.11.0",
>>>>>>> 2856a80c867657e5d6a8c520e08876d20ccc7737
>>>>>>> 6018d4118c0b9656557b6ae5b34db25b2b942af4
  "lockfileVersion": 1,
  "requires": true,
  "dependencies": {
    "jquery": {
      "version": "3.3.1",
      "resolved": "https://registry.npmjs.org/jquery/-/jquery-3.3.1.tgz",
      "integrity": "sha512-Ubldcmxp5np52/ENotGxlLe6aGMvmF4R8S6tZjsP6Knsaxd/xp3Zrh50cG93lR6nPXyUFwzN3ZSOQI0wRJNdGg==",
      "dev": true
    }
  }
}
